
Microsoft Visual Studio Solution File, Format Version 12.00
# Visual Studio Version 17
VisualStudioVersion = 17.11.35219.272
MinimumVisualStudioVersion = 10.0.40219.1
Project("{FAE04EC0-301F-11D3-BF4B-00C04F79EFBC}") = "PruebaApi", "PruebaApi\PruebaApi.csproj", "{43FB843A-960B-4A66-8346-57A54326CE0C}"
EndProject
Global
	GlobalSection(SolutionConfigurationPlatforms) = preSolution
		Debug|Any CPU = Debug|Any CPU
		Release|Any CPU = Release|Any CPU
	EndGlobalSection
	GlobalSection(ProjectConfigurationPlatforms) = postSolution
		{43FB843A-960B-4A66-8346-57A54326CE0C}.Debug|Any CPU.ActiveCfg = Debug|Any CPU
		{43FB843A-960B-4A66-8346-57A54326CE0C}.Debug|Any CPU.Build.0 = Debug|Any CPU
		{43FB843A-960B-4A66-8346-57A54326CE0C}.Release|Any CPU.ActiveCfg = Release|Any CPU
		{43FB843A-960B-4A66-8346-57A54326CE0C}.Release|Any CPU.Build.0 = Release|Any CPU
	EndGlobalSection
	GlobalSection(SolutionProperties) = preSolution
		HideSolutionNode = FALSE
	EndGlobalSection
	GlobalSection(ExtensibilityGlobals) = postSolution
		SolutionGuid = {19939052-B772-455F-B755-E8840D0D5B36}
	EndGlobalSection
EndGlobal
